
Microsoft Visual Studio Solution File, Format Version 12.00
# Visual Studio 2012
Project("{FAE04EC0-301F-11D3-BF4B-00C04F79EFBC}") = "test_gl", "test_gl\test_gl.csproj", "{6F2737D4-E784-4DD8-AA62-002810E8502F}"
EndProject
Global
	GlobalSection(SolutionConfigurationPlatforms) = preSolution
		Debug|x86 = Debug|x86
		Release|x86 = Release|x86
	EndGlobalSection
	GlobalSection(ProjectConfigurationPlatforms) = postSolution
		{6F2737D4-E784-4DD8-AA62-002810E8502F}.Debug|x86.ActiveCfg = Debug|x86
		{6F2737D4-E784-4DD8-AA62-002810E8502F}.Debug|x86.Build.0 = Debug|x86
		{6F2737D4-E784-4DD8-AA62-002810E8502F}.Release|x86.ActiveCfg = Release|x86
		{6F2737D4-E784-4DD8-AA62-002810E8502F}.Release|x86.Build.0 = Release|x86
	EndGlobalSection
EndGlobal
